
Microsoft Visual Studio Solution File, Format Version 12.00
# Visual Studio Version 17
VisualStudioVersion = 17.11.35219.272
MinimumVisualStudioVersion = 10.0.40219.1
Project("{FAE04EC0-301F-11D3-BF4B-00C04F79EFBC}") = "FakeDataCreator.Library", "FakeDataCreator.Library\FakeDataCreator.Library.csproj", "{CE3DC383-F6C6-4B87-9B05-1437D62D1DC6}"
EndProject
Project("{FAE04EC0-301F-11D3-BF4B-00C04F79EFBC}") = "Business", "Business\Business.csproj", "{6DD6422A-A7B7-4A9F-BE5C-D08471652C2E}"
EndProject
Project("{FAE04EC0-301F-11D3-BF4B-00C04F79EFBC}") = "Message.Shared", "Message.Shared\Message.Shared.csproj", "{89239AC2-BC83-4F71-B3EE-92B584A9FD9A}"
EndProject
Project("{FAE04EC0-301F-11D3-BF4B-00C04F79EFBC}") = "Web.API", "Web.API\Web.API.csproj", "{D26A6581-FF40-40C1-BE52-36ED0725E87D}"
EndProject
Project("{FAE04EC0-301F-11D3-BF4B-00C04F79EFBC}") = "Consumer", "Consumer\Consumer.csproj", "{16F9FBD2-6A5B-4DFE-938C-D8462B076A60}"
EndProject
Global
	GlobalSection(SolutionConfigurationPlatforms) = preSolution
		Debug|Any CPU = Debug|Any CPU
		Release|Any CPU = Release|Any CPU
	EndGlobalSection
	GlobalSection(ProjectConfigurationPlatforms) = postSolution
		{CE3DC383-F6C6-4B87-9B05-1437D62D1DC6}.Debug|Any CPU.ActiveCfg = Debug|Any CPU
		{CE3DC383-F6C6-4B87-9B05-1437D62D1DC6}.Debug|Any CPU.Build.0 = Debug|Any CPU
		{CE3DC383-F6C6-4B87-9B05-1437D62D1DC6}.Release|Any CPU.ActiveCfg = Release|Any CPU
		{CE3DC383-F6C6-4B87-9B05-1437D62D1DC6}.Release|Any CPU.Build.0 = Release|Any CPU
		{6DD6422A-A7B7-4A9F-BE5C-D08471652C2E}.Debug|Any CPU.ActiveCfg = Debug|Any CPU
		{6DD6422A-A7B7-4A9F-BE5C-D08471652C2E}.Debug|Any CPU.Build.0 = Debug|Any CPU
		{6DD6422A-A7B7-4A9F-BE5C-D08471652C2E}.Release|Any CPU.ActiveCfg = Release|Any CPU
		{6DD6422A-A7B7-4A9F-BE5C-D08471652C2E}.Release|Any CPU.Build.0 = Release|Any CPU
		{89239AC2-BC83-4F71-B3EE-92B584A9FD9A}.Debug|Any CPU.ActiveCfg = Debug|Any CPU
		{89239AC2-BC83-4F71-B3EE-92B584A9FD9A}.Debug|Any CPU.Build.0 = Debug|Any CPU
		{89239AC2-BC83-4F71-B3EE-92B584A9FD9A}.Release|Any CPU.ActiveCfg = Release|Any CPU
		{89239AC2-BC83-4F71-B3EE-92B584A9FD9A}.Release|Any CPU.Build.0 = Release|Any CPU
		{D26A6581-FF40-40C1-BE52-36ED0725E87D}.Debug|Any CPU.ActiveCfg = Debug|Any CPU
		{D26A6581-FF40-40C1-BE52-36ED0725E87D}.Debug|Any CPU.Build.0 = Debug|Any CPU
		{D26A6581-FF40-40C1-BE52-36ED0725E87D}.Release|Any CPU.ActiveCfg = Release|Any CPU
		{D26A6581-FF40-40C1-BE52-36ED0725E87D}.Release|Any CPU.Build.0 = Release|Any CPU
		{16F9FBD2-6A5B-4DFE-938C-D8462B076A60}.Debug|Any CPU.ActiveCfg = Debug|Any CPU
		{16F9FBD2-6A5B-4DFE-938C-D8462B076A60}.Debug|Any CPU.Build.0 = Debug|Any CPU
		{16F9FBD2-6A5B-4DFE-938C-D8462B076A60}.Release|Any CPU.ActiveCfg = Release|Any CPU
		{16F9FBD2-6A5B-4DFE-938C-D8462B076A60}.Release|Any CPU.Build.0 = Release|Any CPU
	EndGlobalSection
	GlobalSection(SolutionProperties) = preSolution
		HideSolutionNode = FALSE
	EndGlobalSection
	GlobalSection(ExtensibilityGlobals) = postSolution
		SolutionGuid = {C1815164-3222-4754-9D07-B492CB9905DF}
	EndGlobalSection
EndGlobal
